<?xml version="1.0" encoding="utf-8"?>
<Project ToolsVersion="4.0" xmlns="http://schemas.microsoft.com/developer/msbuild/2003">
  <ItemGroup>
    <Filter Include="Source Files">
      <UniqueIdentifier>{4FC737F1-C7A5-4376-A066-2A32D752A2FF}</UniqueIdentifier>
      <Extensions>cpp;c;cc;cxx;def;odl;idl;hpj;bat;asm;asmx</Extensions>
    </Filter>
    <Filter Include="Header Files">
      <UniqueIdentifier>{93995380-89BD-4b04-88EB-625FBE52EBFB}</UniqueIdentifier>
      <Extensions>h;hh;hpp;hxx;hm;inl;inc;ipp;xsd</Extensions>
    </Filter>
    <Filter Include="Resource Files">
      <UniqueIdentifier>{67DA6AB6-F800-4c08-8B7A-83BB121AAD01}</UniqueIdentifier>
      <Extensions>rc;ico;cur;bmp;dlg;rc2;rct;bin;rgs;gif;jpg;jpeg;jpe;resx;tiff;tif;png;wav;mfcribbon-ms</Extensions>
    </Filter>
    <Filter Include="Source Files\Day 1">
      <UniqueIdentifier>{66d7dd21-8b98-47ce-b95b-4db0388ba29f}</UniqueIdentifier>
    </Filter>
    <Filter Include="Source Files\Day 2">
      <UniqueIdentifier>{b51e285e-24f2-4a99-beb3-0e23d41e454e}</UniqueIdentifier>
    </Filter>
    <Filter Include="Inputs">
      <UniqueIdentifier>{26340be5-f333-47ce-b152-f87de79eaf54}</UniqueIdentifier>
    </Filter>
    <Filter Include="Source Files\Day 5">
      <UniqueIdentifier>{48beb82c-68af-4c3a-b3dd-093b82a25345}</UniqueIdentifier>
    </Filter>
    <Filter Include="Source Files\Day 4">
      <UniqueIdentifier>{0ee9068d-ed17-4238-8da7-0df9f4784124}</UniqueIdentifier>
    </Filter>
    <Filter Include="Source Files\Day 3">
      <UniqueIdentifier>{1ba48a6d-4b2d-494a-96f3-33eded90683a}</UniqueIdentifier>
    </Filter>
    <Filter Include="Source Files\Day 6">
      <UniqueIdentifier>{a64465bf-3d35-429b-a70d-d9869d3c962c}</UniqueIdentifier>
    </Filter>
  </ItemGroup>
  <ItemGroup>
    <ClCompile Include="AoC.cpp">
      <Filter>Source Files</Filter>
    </ClCompile>
    <ClCompile Include="src\day1.cpp">
      <Filter>Source Files\Day 1</Filter>
    </ClCompile>
    <ClCompile Include="src\day2.cpp">
      <Filter>Source Files\Day 2</Filter>
    </ClCompile>
    <ClCompile Include="src\day3.cpp">
      <Filter>Source Files\Day 3</Filter>
    </ClCompile>
    <ClCompile Include="src\day4.cpp">
      <Filter>Source Files\Day 4</Filter>
    </ClCompile>
    <ClCompile Include="src\day5.cpp">
      <Filter>Source Files\Day 5</Filter>
    </ClCompile>
    <ClCompile Include="src\day6.cpp">
      <Filter>Source Files\Day 6</Filter>
    </ClCompile>
  </ItemGroup>
  <ItemGroup>
    <ClInclude Include="src\day1.h">
      <Filter>Source Files\Day 1</Filter>
    </ClInclude>
    <ClInclude Include="include\days.h">
      <Filter>Header Files</Filter>
    </ClInclude>
    <ClInclude Include="include\core.h">
      <Filter>Header Files</Filter>
    </ClInclude>
    <ClInclude Include="src\day2.h">
      <Filter>Source Files\Day 2</Filter>
    </ClInclude>
    <ClInclude Include="src\day3.h">
      <Filter>Source Files\Day 3</Filter>
    </ClInclude>
    <ClInclude Include="src\day4.h">
      <Filter>Source Files\Day 4</Filter>
    </ClInclude>
    <ClInclude Include="src\day5.h">
      <Filter>Source Files\Day 5</Filter>
    </ClInclude>
    <ClInclude Include="src\day6.h">
      <Filter>Source Files\Day 6</Filter>
    </ClInclude>
  </ItemGroup>
  <ItemGroup>
    <Text Include="inputs\day1.txt">
      <Filter>Inputs</Filter>
    </Text>
    <Text Include="inputs\day2.txt">
      <Filter>Inputs</Filter>
    </Text>
    <Text Include="inputs\day3.txt">
      <Filter>Inputs</Filter>
    </Text>
    <Text Include="inputs\day4.txt">
      <Filter>Inputs</Filter>
    </Text>
    <Text Include="inputs\day5.txt">
      <Filter>Inputs</Filter>
    </Text>
    <Text Include="inputs\day6.txt">
      <Filter>Inputs</Filter>
    </Text>
  </ItemGroup>
</Project>